
Microsoft Visual Studio Solution File, Format Version 12.00
# Visual Studio Version 17
VisualStudioVersion = 17.4.33205.214
MinimumVisualStudioVersion = 10.0.40219.1
Project("{FAE04EC0-301F-11D3-BF4B-00C04F79EFBC}") = "ConsoleApp4", "ConsoleApp4\ConsoleApp4.csproj", "{D0C7F041-0CEC-46AF-AC3A-712B63AFF91F}"
EndProject
Global
	GlobalSection(SolutionConfigurationPlatforms) = preSolution
		Debug|Any CPU = Debug|Any CPU
		Release|Any CPU = Release|Any CPU
	EndGlobalSection
	GlobalSection(ProjectConfigurationPlatforms) = postSolution
		{D0C7F041-0CEC-46AF-AC3A-712B63AFF91F}.Debug|Any CPU.ActiveCfg = Debug|Any CPU
		{D0C7F041-0CEC-46AF-AC3A-712B63AFF91F}.Debug|Any CPU.Build.0 = Debug|Any CPU
		{D0C7F041-0CEC-46AF-AC3A-712B63AFF91F}.Release|Any CPU.ActiveCfg = Release|Any CPU
		{D0C7F041-0CEC-46AF-AC3A-712B63AFF91F}.Release|Any CPU.Build.0 = Release|Any CPU
	EndGlobalSection
	GlobalSection(SolutionProperties) = preSolution
		HideSolutionNode = FALSE
	EndGlobalSection
	GlobalSection(ExtensibilityGlobals) = postSolution
		SolutionGuid = {B8FAB50B-33A6-4DEB-99D6-EEE07CF30CAF}
	EndGlobalSection
EndGlobal
